Microsoft Visual Studio Solution File, Format Version 9.00
# Visual Studio 2005
Project("{FAE04EC0-301F-11D3-BF4B-00C04F79EFBC}") = "WinSolution.Module", "Test\WinSolution.Module\WinSolution.Module.csproj", "{F45F73D7-548A-47EE-822D-3BBCC26220A0}"
	ProjectSection(WebsiteProperties) = preProject
		Debug.AspNetCompiler.Debug = "True"
		Release.AspNetCompiler.Debug = "False"
	EndProjectSection
EndProject
Project("{FAE04EC0-301F-11D3-BF4B-00C04F79EFBC}") = "WinSolution.Win", "Test\WinSolution.Win\WinSolution.Win.csproj", "{8F5543FB-89C3-411D-A719-25A918349FD0}"
	ProjectSection(WebsiteProperties) = preProject
		Debug.AspNetCompiler.Debug = "True"
		Release.AspNetCompiler.Debug = "False"
	EndProjectSection
EndProject
Project("{FAE04EC0-301F-11D3-BF4B-00C04F79EFBC}") = "Dennis.DropDownEditorsModule.Win", "Dennis.DropDownEditorsModule.Win\Dennis.DropDownEditorsModule.Win.csproj", "{0064FA37-D992-4598-BF73-B89AADA1DF57}"
	ProjectSection(WebsiteProperties) = preProject
		Debug.AspNetCompiler.Debug = "True"
		Release.AspNetCompiler.Debug = "False"
	EndProjectSection
EndProject
Project("{2150E333-8FDC-42A3-9474-1A3956D46DE8}") = "DropDownEditorsModule", "DropDownEditorsModule", "{6DBE1F38-26F3-4317-8891-4223C02F0E12}"
	ProjectSection(WebsiteProperties) = preProject
		Debug.AspNetCompiler.Debug = "True"
		Release.AspNetCompiler.Debug = "False"
	EndProjectSection
EndProject
Project("{2150E333-8FDC-42A3-9474-1A3956D46DE8}") = "TestApp", "TestApp", "{71C4C2DD-882A-471B-BB25-14C02187A3B5}"
	ProjectSection(WebsiteProperties) = preProject
		Debug.AspNetCompiler.Debug = "True"
		Release.AspNetCompiler.Debug = "False"
	EndProjectSection
EndProject
Global
	GlobalSection(SolutionConfigurationPlatforms) = preSolution
		Debug|Any CPU = Debug|Any CPU
		Release|Any CPU = Release|Any CPU
	EndGlobalSection
	GlobalSection(ProjectConfigurationPlatforms) = postSolution
		{F45F73D7-548A-47EE-822D-3BBCC26220A0}.Debug|Any CPU.ActiveCfg = Debug|Any CPU
		{F45F73D7-548A-47EE-822D-3BBCC26220A0}.Debug|Any CPU.Build.0 = Debug|Any CPU
		{F45F73D7-548A-47EE-822D-3BBCC26220A0}.Release|Any CPU.ActiveCfg = Release|Any CPU
		{F45F73D7-548A-47EE-822D-3BBCC26220A0}.Release|Any CPU.Build.0 = Release|Any CPU
		{8F5543FB-89C3-411D-A719-25A918349FD0}.Debug|Any CPU.ActiveCfg = Debug|Any CPU
		{8F5543FB-89C3-411D-A719-25A918349FD0}.Debug|Any CPU.Build.0 = Debug|Any CPU
		{8F5543FB-89C3-411D-A719-25A918349FD0}.Release|Any CPU.ActiveCfg = Release|Any CPU
		{8F5543FB-89C3-411D-A719-25A918349FD0}.Release|Any CPU.Build.0 = Release|Any CPU
		{0064FA37-D992-4598-BF73-B89AADA1DF57}.Debug|Any CPU.ActiveCfg = Debug|Any CPU
		{0064FA37-D992-4598-BF73-B89AADA1DF57}.Debug|Any CPU.Build.0 = Debug|Any CPU
		{0064FA37-D992-4598-BF73-B89AADA1DF57}.Release|Any CPU.ActiveCfg = Release|Any CPU
		{0064FA37-D992-4598-BF73-B89AADA1DF57}.Release|Any CPU.Build.0 = Release|Any CPU
	EndGlobalSection
	GlobalSection(SolutionProperties) = preSolution
		HideSolutionNode = FALSE
	EndGlobalSection
	GlobalSection(NestedProjects) = preSolution
		{0064FA37-D992-4598-BF73-B89AADA1DF57} = {6DBE1F38-26F3-4317-8891-4223C02F0E12}
		{F45F73D7-548A-47EE-822D-3BBCC26220A0} = {71C4C2DD-882A-471B-BB25-14C02187A3B5}
		{8F5543FB-89C3-411D-A719-25A918349FD0} = {71C4C2DD-882A-471B-BB25-14C02187A3B5}
	EndGlobalSection
EndGlobal
